<Solution>
  <Folder Name="/Proc/">
    <Project Path="Proc/IntuneWipeApi.Proc.csproj" />
  </Folder>
  <Folder Name="/Shared/">
    <Project Path="Shared/IntuneWipeApi.Shared.csproj" />
  </Folder>
  <Folder Name="/Web/">
    <Project Path="Web/IntuneWipeApi.Web.csproj" />
  </Folder>
  <Folder Name="/Wipe/">
    <Project Path="Wipe/IntuneWipeApi.Wipe.csproj" />
  </Folder>
</Solution>
